
Microsoft Visual Studio Solution File, Format Version 12.00
# Visual Studio Version 16
VisualStudioVersion = 16.0.32002.261
MinimumVisualStudioVersion = 10.0.40219.1
Project("{FAE04EC0-301F-11D3-BF4B-00C04F79EFBC}") = "App8", "App5\App8.csproj", "{C8E98F01-0985-4170-B1BF-95A0C42B55CF}"
EndProject
Global
	GlobalSection(SolutionConfigurationPlatforms) = preSolution
		Debug|Any CPU = Debug|Any CPU
		Release|Any CPU = Release|Any CPU
	EndGlobalSection
	GlobalSection(ProjectConfigurationPlatforms) = postSolution
		{C8E98F01-0985-4170-B1BF-95A0C42B55CF}.Debug|Any CPU.ActiveCfg = Debug|Any CPU
		{C8E98F01-0985-4170-B1BF-95A0C42B55CF}.Debug|Any CPU.Build.0 = Debug|Any CPU
		{C8E98F01-0985-4170-B1BF-95A0C42B55CF}.Release|Any CPU.ActiveCfg = Release|Any CPU
		{C8E98F01-0985-4170-B1BF-95A0C42B55CF}.Release|Any CPU.Build.0 = Release|Any CPU
	EndGlobalSection
	GlobalSection(SolutionProperties) = preSolution
		HideSolutionNode = FALSE
	EndGlobalSection
	GlobalSection(ExtensibilityGlobals) = postSolution
		SolutionGuid = {F09F8B14-4607-4D9B-A2C3-90A85F1DC555}
	EndGlobalSection
EndGlobal
